
Microsoft Visual Studio Solution File, Format Version 12.00
# Visual Studio Version 16
VisualStudioVersion = 16.0.33920.266
MinimumVisualStudioVersion = 10.0.40219.1
Project("{FAE04EC0-301F-11D3-BF4B-00C04F79EFBC}") = "SachOnlineLab01", "SachOnlineLab01\SachOnlineLab01.csproj", "{7DF23D74-1EED-4A7D-A154-E450BB114D04}"
EndProject
Global
	GlobalSection(SolutionConfigurationPlatforms) = preSolution
		Debug|Any CPU = Debug|Any CPU
		Release|Any CPU = Release|Any CPU
	EndGlobalSection
	GlobalSection(ProjectConfigurationPlatforms) = postSolution
		{7DF23D74-1EED-4A7D-A154-E450BB114D04}.Debug|Any CPU.ActiveCfg = Debug|Any CPU
		{7DF23D74-1EED-4A7D-A154-E450BB114D04}.Debug|Any CPU.Build.0 = Debug|Any CPU
		{7DF23D74-1EED-4A7D-A154-E450BB114D04}.Release|Any CPU.ActiveCfg = Release|Any CPU
		{7DF23D74-1EED-4A7D-A154-E450BB114D04}.Release|Any CPU.Build.0 = Release|Any CPU
	EndGlobalSection
	GlobalSection(SolutionProperties) = preSolution
		HideSolutionNode = FALSE
	EndGlobalSection
	GlobalSection(ExtensibilityGlobals) = postSolution
		SolutionGuid = {4BE4E348-5DB1-488E-8C64-C0E8C23F0EDD}
	EndGlobalSection
EndGlobal
